
Microsoft Visual Studio Solution File, Format Version 12.00
# Visual Studio Version 16
VisualStudioVersion = 16.0.30621.155
MinimumVisualStudioVersion = 10.0.40219.1
Project("{9A19103F-16F7-4668-BE54-9A1E7A4F7556}") = "ResidencyApplication.Services", "ResidencyApplication.Services\ResidencyApplication.Services.csproj", "{71B76F55-4682-453D-9657-1C8B8BE49656}"
EndProject
Global
	GlobalSection(SolutionConfigurationPlatforms) = preSolution
		Debug|Any CPU = Debug|Any CPU
		Release|Any CPU = Release|Any CPU
	EndGlobalSection
	GlobalSection(ProjectConfigurationPlatforms) = postSolution
		{71B76F55-4682-453D-9657-1C8B8BE49656}.Debug|Any CPU.ActiveCfg = Debug|Any CPU
		{71B76F55-4682-453D-9657-1C8B8BE49656}.Debug|Any CPU.Build.0 = Debug|Any CPU
		{71B76F55-4682-453D-9657-1C8B8BE49656}.Release|Any CPU.ActiveCfg = Release|Any CPU
		{71B76F55-4682-453D-9657-1C8B8BE49656}.Release|Any CPU.Build.0 = Release|Any CPU
	EndGlobalSection
	GlobalSection(SolutionProperties) = preSolution
		HideSolutionNode = FALSE
	EndGlobalSection
	GlobalSection(ExtensibilityGlobals) = postSolution
		SolutionGuid = {ED9A434A-A8ED-42BF-B899-05CBE9E12565}
	EndGlobalSection
	GlobalSection(TeamFoundationVersionControl) = preSolution
		SccNumberOfProjects = 2
		SccEnterpriseProvider = {4CA58AB2-18FA-4F8D-95D4-32DDF27D184C}
		SccTeamFoundationServer = http://tfs2019-hq/awqaf%20projects
		SccLocalPath0 = .
		SccProjectUniqueName1 = ResidencyApplication.Services\\ResidencyApplication.Services.csproj
		SccProjectName1 = ResidencyApplication.Services
		SccLocalPath1 = ResidencyApplication.Services
	EndGlobalSection
EndGlobal
